// !$*UTF8*$!
{
	archiveVersion = 1;
	classes = {
	};
	objectVersion = 46;
	objects = {

/* Begin PBXBuildFile section */
		0AE2511D957F42A2A5C56E3B /* libPods.a in Frameworks */ = {isa = PBXBuildFile; fileRef = 00A88F10E1FF4F3499023017 /* libPods.a */; };
		8123A18F183C6C7800A6365A /* TCVideo.m in Sources */ = {isa = PBXBuildFile; fileRef = 8123A18E183C6C7800A6365A /* TCVideo.m */; };
		8123A192183C9DE500A6365A /* TCDownloadQueue.m in Sources */ = {isa = PBXBuildFile; fileRef = 8123A191183C9DE500A6365A /* TCDownloadQueue.m */; };
		8123A199183DE2C300A6365A /* NSTableView+RowAdditions.m in Sources */ = {isa = PBXBuildFile; fileRef = 8123A198183DE2C300A6365A /* NSTableView+RowAdditions.m */; };
		81310AE41828948E00327AFF /* TCMainWindowController.m in Sources */ = {isa = PBXBuildFile; fileRef = 81310AE21828948E00327AFF /* TCMainWindowController.m */; };
		81310AE81828950700327AFF /* MainWindow.xib in Resources */ = {isa = PBXBuildFile; fileRef = 81310AE61828950700327AFF /* MainWindow.xib */; };
		8154CE1E182F327100DC73EC /* TCRouxbeURLCategoryTests.m in Sources */ = {isa = PBXBuildFile; fileRef = 8154CE1D182F327100DC73EC /* TCRouxbeURLCategoryTests.m */; };
		8154CE20182F657E00DC73EC /* TCRouxbeURLContentIDTests.m in Sources */ = {isa = PBXBuildFile; fileRef = 8154CE1F182F657E00DC73EC /* TCRouxbeURLContentIDTests.m */; };
		8154CE22182F78FC00DC73EC /* TCRouxbeXMLURLTests.m in Sources */ = {isa = PBXBuildFile; fileRef = 8154CE21182F78FC00DC73EC /* TCRouxbeXMLURLTests.m */; };
		81632875182770120070914E /* Cocoa.framework in Frameworks */ = {isa = PBXBuildFile; fileRef = 81632874182770120070914E /* Cocoa.framework */; };
		81632888182770120070914E /* TCAppDelegate.m in Sources */ = {isa = PBXBuildFile; fileRef = 81632887182770120070914E /* TCAppDelegate.m */; };
		81632894182770120070914E /* XCTest.framework in Frameworks */ = {isa = PBXBuildFile; fileRef = 81632893182770120070914E /* XCTest.framework */; };
		81632895182770120070914E /* Cocoa.framework in Frameworks */ = {isa = PBXBuildFile; fileRef = 81632874182770120070914E /* Cocoa.framework */; };
		816328B718277F3F0070914E /* Images.xcassets in Resources */ = {isa = PBXBuildFile; fileRef = 816328AB18277F3F0070914E /* Images.xcassets */; };
		816328B818277F3F0070914E /* Credits.rtf in Resources */ = {isa = PBXBuildFile; fileRef = 816328AD18277F3F0070914E /* Credits.rtf */; };
		816328B918277F3F0070914E /* InfoPlist.strings in Resources */ = {isa = PBXBuildFile; fileRef = 816328AF18277F3F0070914E /* InfoPlist.strings */; };
		816328BA18277F3F0070914E /* main.m in Sources */ = {isa = PBXBuildFile; fileRef = 816328B118277F3F0070914E /* main.m */; };
		816328BC18277F3F0070914E /* MainMenu.xib in Resources */ = {isa = PBXBuildFile; fileRef = 816328B518277F3F0070914E /* MainMenu.xib */; };
		81880EA6184440F7009387AB /* TCPaddedTextFieldCell.m in Sources */ = {isa = PBXBuildFile; fileRef = 81880EA5184440F7009387AB /* TCPaddedTextFieldCell.m */; };
		819887D91834734800FE21BB /* TCTestDataLoader.m in Sources */ = {isa = PBXBuildFile; fileRef = 819887D81834734800FE21BB /* TCTestDataLoader.m */; };
		819887E31834DD5700FE21BB /* TCMP4VideoURL.m in Sources */ = {isa = PBXBuildFile; fileRef = 819887E21834DD5700FE21BB /* TCMP4VideoURL.m */; };
		81AEE0101838B9A800FD2B4C /* TCMockXMLService.m in Sources */ = {isa = PBXBuildFile; fileRef = 81AEE00F1838B9A800FD2B4C /* TCMockXMLService.m */; };
		81EFED321829DFD600F28B1B /* TCLesson.m in Sources */ = {isa = PBXBuildFile; fileRef = 81EFED311829DFD600F28B1B /* TCLesson.m */; };
		81EFED351829E1D400F28B1B /* TCLessonStep.m in Sources */ = {isa = PBXBuildFile; fileRef = 81EFED341829E1D400F28B1B /* TCLessonStep.m */; };
		81EFED371829E77600F28B1B /* TCLessonTests.m in Sources */ = {isa = PBXBuildFile; fileRef = 81EFED361829E77600F28B1B /* TCLessonTests.m */; };
		81EFED3C1829E83200F28B1B /* InfoPlist.strings in Resources */ = {isa = PBXBuildFile; fileRef = 81EFED391829E83200F28B1B /* InfoPlist.strings */; };
		81EFED401829F6BC00F28B1B /* Lesson.xml in Resources */ = {isa = PBXBuildFile; fileRef = 81EFED3F1829F6BC00F28B1B /* Lesson.xml */; };
		81EFED42182A002B00F28B1B /* TCLessonStepTests.m in Sources */ = {isa = PBXBuildFile; fileRef = 81EFED41182A002B00F28B1B /* TCLessonStepTests.m */; };
		81EFED50182A3FA800F28B1B /* TCMP4VideoURLTests.m in Sources */ = {isa = PBXBuildFile; fileRef = 81EFED4F182A3FA800F28B1B /* TCMP4VideoURLTests.m */; };
		81EFED6B182B8A8200F28B1B /* TCDownload.m in Sources */ = {isa = PBXBuildFile; fileRef = 81EFED6A182B8A8200F28B1B /* TCDownload.m */; };
		81F7B7501838D2CE0086F408 /* LessonStepVideo.xml in Resources */ = {isa = PBXBuildFile; fileRef = 81F7B74F1838D2CE0086F408 /* LessonStepVideo.xml */; };
		81F7B7521838ECFA0086F408 /* TCXMLServiceTests.m in Sources */ = {isa = PBXBuildFile; fileRef = 81F7B7511838ECFA0086F408 /* TCXMLServiceTests.m */; };
		81F7B7551839B4950086F408 /* TCMockAFHTTPSessionManager.m in Sources */ = {isa = PBXBuildFile; fileRef = 81F7B7541839B4950086F408 /* TCMockAFHTTPSessionManager.m */; };
		81F7B7571839E6D80086F408 /* TCDownloadManagerTests.m in Sources */ = {isa = PBXBuildFile; fileRef = 81F7B7561839E6D80086F408 /* TCDownloadManagerTests.m */; };
		81F7B75A1839EF7B0086F408 /* TCRouxbeService.m in Sources */ = {isa = PBXBuildFile; fileRef = 81F7B7591839EF7B0086F408 /* TCRouxbeService.m */; };
		81F7B761183B09FD0086F408 /* AFURLConnectionByteSpeedMeasure.m in Sources */ = {isa = PBXBuildFile; fileRef = 81F7B75E183B09FD0086F408 /* AFURLConnectionByteSpeedMeasure.m */; };
		81F7B762183B09FD0086F408 /* AFURLConnectionOperation+AFURLConnectionByteSpeedMeasure.m in Sources */ = {isa = PBXBuildFile; fileRef = 81F7B760183B09FD0086F408 /* AFURLConnectionOperation+AFURLConnectionByteSpeedMeasure.m */; };
		81F99D59182CBC6E006E561B /* TCDownloadCellView.m in Sources */ = {isa = PBXBuildFile; fileRef = 81F99D58182CBC6E006E561B /* TCDownloadCellView.m */; };
		81F99D61182DDD92006E561B /* NSURL+RouxbeAdditions.m in Sources */ = {isa = PBXBuildFile; fileRef = 81F99D60182DDD92006E561B /* NSURL+RouxbeAdditions.m */; };
		81F99D63182E0AB5006E561B /* TCRouxbeURLValidationTests.m in Sources */ = {isa = PBXBuildFile; fileRef = 81F99D62182E0AB5006E561B /* TCRouxbeURLValidationTests.m */; };
		D110F5CA73DD449A8D570AE0 /* libPods-test.a in Frameworks */ = {isa = PBXBuildFile; fileRef = 4A76EA7428D7480B80D1F390 /* libPods-test.a */; };
/* End PBXBuildFile section */

/* Begin PBXContainerItemProxy section */
		81632896182770120070914E /* PBXContainerItemProxy */ = {
			isa = PBXContainerItemProxy;
			containerPortal = 81632869182770120070914E /* Project object */;
			proxyType = 1;
			remoteGlobalIDString = 81632870182770120070914E;
			remoteInfo = RouxbeVideoDownloader;
		};
/* End PBXContainerItemProxy section */

/* Begin PBXFileReference section */
		00A88F10E1FF4F3499023017 /* libPods.a */ = {isa = PBXFileReference; explicitFileType = archive.ar; includeInIndex = 0; path = libPods.a; sourceTree = BUILT_PRODUCTS_DIR; };
		4A76EA7428D7480B80D1F390 /* libPods-test.a */ = {isa = PBXFileReference; explicitFileType = archive.ar; includeInIndex = 0; path = "libPods-test.a"; sourceTree = BUILT_PRODUCTS_DIR; };
		8123A18D183C6C7800A6365A /* TCVideo.h */ = {isa = PBXFileReference; fileEncoding = 4; lastKnownFileType = sourcecode.c.h; path = TCVideo.h; sourceTree = "<group>"; };
		8123A18E183C6C7800A6365A /* TCVideo.m */ = {isa = PBXFileReference; fileEncoding = 4; lastKnownFileType = sourcecode.c.objc; path = TCVideo.m; sourceTree = "<group>"; };
		8123A190183C9DE500A6365A /* TCDownloadQueue.h */ = {isa = PBXFileReference; fileEncoding = 4; lastKnownFileType = sourcecode.c.h; path = TCDownloadQueue.h; sourceTree = "<group>"; };
		8123A191183C9DE500A6365A /* TCDownloadQueue.m */ = {isa = PBXFileReference; fileEncoding = 4; lastKnownFileType = sourcecode.c.objc; path = TCDownloadQueue.m; sourceTree = "<group>"; };
		8123A196183DC9E600A6365A /* TCDownloadPrivate.h */ = {isa = PBXFileReference; lastKnownFileType = sourcecode.c.h; path = TCDownloadPrivate.h; sourceTree = "<group>"; };
		8123A197183DE2C300A6365A /* NSTableView+RowAdditions.h */ = {isa = PBXFileReference; fileEncoding = 4; lastKnownFileType = sourcecode.c.h; path = "NSTableView+RowAdditions.h"; sourceTree = "<group>"; };
		8123A198183DE2C300A6365A /* NSTableView+RowAdditions.m */ = {isa = PBXFileReference; fileEncoding = 4; lastKnownFileType = sourcecode.c.objc; path = "NSTableView+RowAdditions.m"; sourceTree = "<group>"; };
		8123A19D18432AED00A6365A /* RouxbeVideoDownloader.entitlements */ = {isa = PBXFileReference; lastKnownFileType = text.xml; path = RouxbeVideoDownloader.entitlements; sourceTree = "<group>"; };
		81310AE11828948E00327AFF /* TCMainWindowController.h */ = {isa = PBXFileReference; fileEncoding = 4; lastKnownFileType = sourcecode.c.h; path = TCMainWindowController.h; sourceTree = "<group>"; };
		81310AE21828948E00327AFF /* TCMainWindowController.m */ = {isa = PBXFileReference; fileEncoding = 4; lastKnownFileType = sourcecode.c.objc; path = TCMainWindowController.m; sourceTree = "<group>"; };
		81310AE71828950700327AFF /* Base */ = {isa = PBXFileReference; lastKnownFileType = file.xib; name = Base; path = Base.lproj/MainWindow.xib; sourceTree = "<group>"; };
		8154CE1D182F327100DC73EC /* TCRouxbeURLCategoryTests.m */ = {isa = PBXFileReference; fileEncoding = 4; lastKnownFileType = sourcecode.c.objc; path = TCRouxbeURLCategoryTests.m; sourceTree = "<group>"; };
		8154CE1F182F657E00DC73EC /* TCRouxbeURLContentIDTests.m */ = {isa = PBXFileReference; fileEncoding = 4; lastKnownFileType = sourcecode.c.objc; path = TCRouxbeURLContentIDTests.m; sourceTree = "<group>"; };
		8154CE21182F78FC00DC73EC /* TCRouxbeXMLURLTests.m */ = {isa = PBXFileReference; fileEncoding = 4; lastKnownFileType = sourcecode.c.objc; path = TCRouxbeXMLURLTests.m; sourceTree = "<group>"; };
		81632871182770120070914E /* RouxbeVideoDownloader.app */ = {isa = PBXFileReference; explicitFileType = wrapper.application; includeInIndex = 0; path = RouxbeVideoDownloader.app; sourceTree = BUILT_PRODUCTS_DIR; };
		81632874182770120070914E /* Cocoa.framework */ = {isa = PBXFileReference; lastKnownFileType = wrapper.framework; name = Cocoa.framework; path = System/Library/Frameworks/Cocoa.framework; sourceTree = SDKROOT; };
		81632877182770120070914E /* AppKit.framework */ = {isa = PBXFileReference; lastKnownFileType = wrapper.framework; name = AppKit.framework; path = System/Library/Frameworks/AppKit.framework; sourceTree = SDKROOT; };
		81632878182770120070914E /* CoreData.framework */ = {isa = PBXFileReference; lastKnownFileType = wrapper.framework; name = CoreData.framework; path = System/Library/Frameworks/CoreData.framework; sourceTree = SDKROOT; };
		81632879182770120070914E /* Foundation.framework */ = {isa = PBXFileReference; lastKnownFileType = wrapper.framework; name = Foundation.framework; path = System/Library/Frameworks/Foundation.framework; sourceTree = SDKROOT; };
		81632886182770120070914E /* TCAppDelegate.h */ = {isa = PBXFileReference; lastKnownFileType = sourcecode.c.h; path = TCAppDelegate.h; sourceTree = "<group>"; };
		81632887182770120070914E /* TCAppDelegate.m */ = {isa = PBXFileReference; lastKnownFileType = sourcecode.c.objc; path = TCAppDelegate.m; sourceTree = "<group>"; };
		81632892182770120070914E /* RouxbeVideoDownloaderTests.xctest */ = {isa = PBXFileReference; explicitFileType = wrapper.cfbundle; includeInIndex = 0; path = RouxbeVideoDownloaderTests.xctest; sourceTree = BUILT_PRODUCTS_DIR; };
		81632893182770120070914E /* XCTest.framework */ = {isa = PBXFileReference; lastKnownFileType = wrapper.framework; name = XCTest.framework; path = Library/Frameworks/XCTest.framework; sourceTree = DEVELOPER_DIR; };
		816328AB18277F3F0070914E /* Images.xcassets */ = {isa = PBXFileReference; lastKnownFileType = folder.assetcatalog; path = Images.xcassets; sourceTree = "<group>"; };
		816328AE18277F3F0070914E /* en */ = {isa = PBXFileReference; lastKnownFileType = text.rtf; name = en; path = en.lproj/Credits.rtf; sourceTree = "<group>"; };
		816328B018277F3F0070914E /* en */ = {isa = PBXFileReference; lastKnownFileType = text.plist.strings; name = en; path = en.lproj/InfoPlist.strings; sourceTree = "<group>"; };
		816328B118277F3F0070914E /* main.m */ = {isa = PBXFileReference; fileEncoding = 4; lastKnownFileType = sourcecode.c.objc; path = main.m; sourceTree = "<group>"; };
		816328B218277F3F0070914E /* RouxbeVideoDownloader-Info.plist */ = {isa = PBXFileReference; fileEncoding = 4; lastKnownFileType = text.plist.xml; path = "RouxbeVideoDownloader-Info.plist"; sourceTree = "<group>"; };
		816328B318277F3F0070914E /* RouxbeVideoDownloader-Prefix.pch */ = {isa = PBXFileReference; fileEncoding = 4; lastKnownFileType = sourcecode.c.h; path = "RouxbeVideoDownloader-Prefix.pch"; sourceTree = "<group>"; };
		816328B618277F3F0070914E /* Base */ = {isa = PBXFileReference; lastKnownFileType = file.xib; name = Base; path = Base.lproj/MainMenu.xib; sourceTree = "<group>"; };
		81880EA4184440F7009387AB /* TCPaddedTextFieldCell.h */ = {isa = PBXFileReference; fileEncoding = 4; lastKnownFileType = sourcecode.c.h; path = TCPaddedTextFieldCell.h; sourceTree = "<group>"; };
		81880EA5184440F7009387AB /* TCPaddedTextFieldCell.m */ = {isa = PBXFileReference; fileEncoding = 4; lastKnownFileType = sourcecode.c.objc; path = TCPaddedTextFieldCell.m; sourceTree = "<group>"; };
		819887D71834734800FE21BB /* TCTestDataLoader.h */ = {isa = PBXFileReference; fileEncoding = 4; lastKnownFileType = sourcecode.c.h; path = TCTestDataLoader.h; sourceTree = "<group>"; };
		819887D81834734800FE21BB /* TCTestDataLoader.m */ = {isa = PBXFileReference; fileEncoding = 4; lastKnownFileType = sourcecode.c.objc; path = TCTestDataLoader.m; sourceTree = "<group>"; };
		819887DC18347E0D00FE21BB /* RouxbeVideoDownloaderTests-Prefix.pch */ = {isa = PBXFileReference; fileEncoding = 4; lastKnownFileType = sourcecode.c.h; path = "RouxbeVideoDownloaderTests-Prefix.pch"; sourceTree = "<group>"; };
		819887E11834DD5700FE21BB /* TCMP4VideoURL.h */ = {isa = PBXFileReference; fileEncoding = 4; lastKnownFileType = sourcecode.c.h; path = TCMP4VideoURL.h; sourceTree = "<group>"; };
		819887E21834DD5700FE21BB /* TCMP4VideoURL.m */ = {isa = PBXFileReference; fileEncoding = 4; lastKnownFileType = sourcecode.c.objc; path = TCMP4VideoURL.m; sourceTree = "<group>"; };
		81AEE00E1838B9A800FD2B4C /* TCMockXMLService.h */ = {isa = PBXFileReference; fileEncoding = 4; lastKnownFileType = sourcecode.c.h; path = TCMockXMLService.h; sourceTree = "<group>"; };
		81AEE00F1838B9A800FD2B4C /* TCMockXMLService.m */ = {isa = PBXFileReference; fileEncoding = 4; lastKnownFileType = sourcecode.c.objc; path = TCMockXMLService.m; sourceTree = "<group>"; };
		81EFED301829DFD600F28B1B /* TCLesson.h */ = {isa = PBXFileReference; fileEncoding = 4; lastKnownFileType = sourcecode.c.h; path = TCLesson.h; sourceTree = "<group>"; };
		81EFED311829DFD600F28B1B /* TCLesson.m */ = {isa = PBXFileReference; fileEncoding = 4; lastKnownFileType = sourcecode.c.objc; path = TCLesson.m; sourceTree = "<group>"; };
		81EFED331829E1D400F28B1B /* TCLessonStep.h */ = {isa = PBXFileReference; fileEncoding = 4; lastKnownFileType = sourcecode.c.h; path = TCLessonStep.h; sourceTree = "<group>"; };
		81EFED341829E1D400F28B1B /* TCLessonStep.m */ = {isa = PBXFileReference; fileEncoding = 4; lastKnownFileType = sourcecode.c.objc; path = TCLessonStep.m; sourceTree = "<group>"; };
		81EFED361829E77600F28B1B /* TCLessonTests.m */ = {isa = PBXFileReference; fileEncoding = 4; lastKnownFileType = sourcecode.c.objc; path = TCLessonTests.m; sourceTree = "<group>"; };
		81EFED3A1829E83200F28B1B /* en */ = {isa = PBXFileReference; lastKnownFileType = text.plist.strings; name = en; path = en.lproj/InfoPlist.strings; sourceTree = "<group>"; };
		81EFED3B1829E83200F28B1B /* RouxbeVideoDownloaderTests-Info.plist */ = {isa = PBXFileReference; fileEncoding = 4; lastKnownFileType = text.plist.xml; path = "RouxbeVideoDownloaderTests-Info.plist"; sourceTree = "<group>"; };
		81EFED3F1829F6BC00F28B1B /* Lesson.xml */ = {isa = PBXFileReference; fileEncoding = 4; lastKnownFileType = text.xml; path = Lesson.xml; sourceTree = "<group>"; };
		81EFED41182A002B00F28B1B /* TCLessonStepTests.m */ = {isa = PBXFileReference; fileEncoding = 4; lastKnownFileType = sourcecode.c.objc; path = TCLessonStepTests.m; sourceTree = "<group>"; };
		81EFED4F182A3FA800F28B1B /* TCMP4VideoURLTests.m */ = {isa = PBXFileReference; fileEncoding = 4; lastKnownFileType = sourcecode.c.objc; path = TCMP4VideoURLTests.m; sourceTree = "<group>"; };
		81EFED69182B8A8100F28B1B /* TCDownload.h */ = {isa = PBXFileReference; fileEncoding = 4; lastKnownFileType = sourcecode.c.h; path = TCDownload.h; sourceTree = "<group>"; };
		81EFED6A182B8A8200F28B1B /* TCDownload.m */ = {isa = PBXFileReference; fileEncoding = 4; lastKnownFileType = sourcecode.c.objc; path = TCDownload.m; sourceTree = "<group>"; };
		81F7B74F1838D2CE0086F408 /* LessonStepVideo.xml */ = {isa = PBXFileReference; fileEncoding = 4; lastKnownFileType = text.xml; path = LessonStepVideo.xml; sourceTree = "<group>"; };
		81F7B7511838ECFA0086F408 /* TCXMLServiceTests.m */ = {isa = PBXFileReference; fileEncoding = 4; lastKnownFileType = sourcecode.c.objc; path = TCXMLServiceTests.m; sourceTree = "<group>"; };
		81F7B7531839B4950086F408 /* TCMockAFHTTPSessionManager.h */ = {isa = PBXFileReference; fileEncoding = 4; lastKnownFileType = sourcecode.c.h; path = TCMockAFHTTPSessionManager.h; sourceTree = "<group>"; };
		81F7B7541839B4950086F408 /* TCMockAFHTTPSessionManager.m */ = {isa = PBXFileReference; fileEncoding = 4; lastKnownFileType = sourcecode.c.objc; path = TCMockAFHTTPSessionManager.m; sourceTree = "<group>"; };
		81F7B7561839E6D80086F408 /* TCDownloadManagerTests.m */ = {isa = PBXFileReference; fileEncoding = 4; lastKnownFileType = sourcecode.c.objc; path = TCDownloadManagerTests.m; sourceTree = "<group>"; };
		81F7B7581839EF7B0086F408 /* TCRouxbeService.h */ = {isa = PBXFileReference; fileEncoding = 4; lastKnownFileType = sourcecode.c.h; path = TCRouxbeService.h; sourceTree = "<group>"; };
		81F7B7591839EF7B0086F408 /* TCRouxbeService.m */ = {isa = PBXFileReference; fileEncoding = 4; lastKnownFileType = sourcecode.c.objc; path = TCRouxbeService.m; sourceTree = "<group>"; };
		81F7B75D183B09FD0086F408 /* AFURLConnectionByteSpeedMeasure.h */ = {isa = PBXFileReference; fileEncoding = 4; lastKnownFileType = sourcecode.c.h; path = AFURLConnectionByteSpeedMeasure.h; sourceTree = "<group>"; };
		81F7B75E183B09FD0086F408 /* AFURLConnectionByteSpeedMeasure.m */ = {isa = PBXFileReference; fileEncoding = 4; lastKnownFileType = sourcecode.c.objc; path = AFURLConnectionByteSpeedMeasure.m; sourceTree = "<group>"; };
		81F7B75F183B09FD0086F408 /* AFURLConnectionOperation+AFURLConnectionByteSpeedMeasure.h */ = {isa = PBXFileReference; fileEncoding = 4; lastKnownFileType = sourcecode.c.h; path = "AFURLConnectionOperation+AFURLConnectionByteSpeedMeasure.h"; sourceTree = "<group>"; };
		81F7B760183B09FD0086F408 /* AFURLConnectionOperation+AFURLConnectionByteSpeedMeasure.m */ = {isa = PBXFileReference; fileEncoding = 4; lastKnownFileType = sourcecode.c.objc; path = "AFURLConnectionOperation+AFURLConnectionByteSpeedMeasure.m"; sourceTree = "<group>"; };
		81F99D57182CBC6E006E561B /* TCDownloadCellView.h */ = {isa = PBXFileReference; fileEncoding = 4; lastKnownFileType = sourcecode.c.h; path = TCDownloadCellView.h; sourceTree = "<group>"; };
		81F99D58182CBC6E006E561B /* TCDownloadCellView.m */ = {isa = PBXFileReference; fileEncoding = 4; lastKnownFileType = sourcecode.c.objc; path = TCDownloadCellView.m; sourceTree = "<group>"; };
		81F99D5F182DDD92006E561B /* NSURL+RouxbeAdditions.h */ = {isa = PBXFileReference; fileEncoding = 4; lastKnownFileType = sourcecode.c.h; path = "NSURL+RouxbeAdditions.h"; sourceTree = "<group>"; };
		81F99D60182DDD92006E561B /* NSURL+RouxbeAdditions.m */ = {isa = PBXFileReference; fileEncoding = 4; lastKnownFileType = sourcecode.c.objc; path = "NSURL+RouxbeAdditions.m"; sourceTree = "<group>"; };
		81F99D62182E0AB5006E561B /* TCRouxbeURLValidationTests.m */ = {isa = PBXFileReference; fileEncoding = 4; lastKnownFileType = sourcecode.c.objc; path = TCRouxbeURLValidationTests.m; sourceTree = "<group>"; };
		E7CCC0441B2F48439F00001A /* Pods-test.xcconfig */ = {isa = PBXFileReference; includeInIndex = 1; lastKnownFileType = text.xcconfig; name = "Pods-test.xcconfig"; path = "Pods/Pods-test.xcconfig"; sourceTree = "<group>"; };
		EA621434EFAA40278656A5D5 /* Pods.xcconfig */ = {isa = PBXFileReference; includeInIndex = 1; lastKnownFileType = text.xcconfig; name = Pods.xcconfig; path = Pods/Pods.xcconfig; sourceTree = "<group>"; };
/* End PBXFileReference section */

/* Begin PBXFrameworksBuildPhase section */
		8163286E182770120070914E /* Frameworks */ = {
			isa = PBXFrameworksBuildPhase;
			buildActionMask = 2147483647;
			files = (
				81632875182770120070914E /* Cocoa.framework in Frameworks */,
				0AE2511D957F42A2A5C56E3B /* libPods.a in Frameworks */,
			);
			runOnlyForDeploymentPostprocessing = 0;
		};
		8163288F182770120070914E /* Frameworks */ = {
			isa = PBXFrameworksBuildPhase;
			buildActionMask = 2147483647;
			files = (
				81632895182770120070914E /* Cocoa.framework in Frameworks */,
				81632894182770120070914E /* XCTest.framework in Frameworks */,
				D110F5CA73DD449A8D570AE0 /* libPods-test.a in Frameworks */,
			);
			runOnlyForDeploymentPostprocessing = 0;
		};
/* End PBXFrameworksBuildPhase section */

/* Begin PBXGroup section */
		81632868182770120070914E = {
			isa = PBXGroup;
			children = (
				8163287A182770120070914E /* RouxbeVideoDownloader */,
				81632898182770120070914E /* RouxbeVideoDownloaderTests */,
				81632873182770120070914E /* Frameworks */,
				81632872182770120070914E /* Products */,
				EA621434EFAA40278656A5D5 /* Pods.xcconfig */,
				E7CCC0441B2F48439F00001A /* Pods-test.xcconfig */,
			);
			sourceTree = "<group>";
		};
		81632872182770120070914E /* Products */ = {
			isa = PBXGroup;
			children = (
				81632871182770120070914E /* RouxbeVideoDownloader.app */,
				81632892182770120070914E /* RouxbeVideoDownloaderTests.xctest */,
			);
			name = Products;
			sourceTree = "<group>";
		};
		81632873182770120070914E /* Frameworks */ = {
			isa = PBXGroup;
			children = (
				81632874182770120070914E /* Cocoa.framework */,
				81632893182770120070914E /* XCTest.framework */,
				81632876182770120070914E /* Other Frameworks */,
				00A88F10E1FF4F3499023017 /* libPods.a */,
				4A76EA7428D7480B80D1F390 /* libPods-test.a */,
			);
			name = Frameworks;
			sourceTree = "<group>";
		};
		81632876182770120070914E /* Other Frameworks */ = {
			isa = PBXGroup;
			children = (
				81632877182770120070914E /* AppKit.framework */,
				81632878182770120070914E /* CoreData.framework */,
				81632879182770120070914E /* Foundation.framework */,
			);
			name = "Other Frameworks";
			sourceTree = "<group>";
		};
		8163287A182770120070914E /* RouxbeVideoDownloader */ = {
			isa = PBXGroup;
			children = (
				8123A19D18432AED00A6365A /* RouxbeVideoDownloader.entitlements */,
				81632886182770120070914E /* TCAppDelegate.h */,
				81632887182770120070914E /* TCAppDelegate.m */,
				81F7B75B183B09FD0086F408 /* Vendor */,
				81EFED5A182B35CB00F28B1B /* Lib */,
				816328A918277F3F0070914E /* Models */,
				816328A818277F3F0070914E /* Controllers */,
				816328B418277F3F0070914E /* Views */,
				816328AA18277F3F0070914E /* Resources */,
				816328AC18277F3F0070914E /* SupportingFiles */,
			);
			path = RouxbeVideoDownloader;
			sourceTree = "<group>";
		};
		81632898182770120070914E /* RouxbeVideoDownloaderTests */ = {
			isa = PBXGroup;
			children = (
				81EFED381829E83200F28B1B /* SupportingFiles */,
				819887D61834734800FE21BB /* Lib */,
				81EFED3E1829F6BC00F28B1B /* Data */,
				81F7B7511838ECFA0086F408 /* TCXMLServiceTests.m */,
				81F7B7561839E6D80086F408 /* TCDownloadManagerTests.m */,
				81EFED361829E77600F28B1B /* TCLessonTests.m */,
				81EFED41182A002B00F28B1B /* TCLessonStepTests.m */,
				81EFED4F182A3FA800F28B1B /* TCMP4VideoURLTests.m */,
				81F99D62182E0AB5006E561B /* TCRouxbeURLValidationTests.m */,
				8154CE1D182F327100DC73EC /* TCRouxbeURLCategoryTests.m */,
				8154CE1F182F657E00DC73EC /* TCRouxbeURLContentIDTests.m */,
				8154CE21182F78FC00DC73EC /* TCRouxbeXMLURLTests.m */,
			);
			path = RouxbeVideoDownloaderTests;
			sourceTree = "<group>";
		};
		816328A818277F3F0070914E /* Controllers */ = {
			isa = PBXGroup;
			children = (
				81310AE11828948E00327AFF /* TCMainWindowController.h */,
				81310AE21828948E00327AFF /* TCMainWindowController.m */,
			);
			path = Controllers;
			sourceTree = "<group>";
		};
		816328A918277F3F0070914E /* Models */ = {
			isa = PBXGroup;
			children = (
				81F7B7581839EF7B0086F408 /* TCRouxbeService.h */,
				81F7B7591839EF7B0086F408 /* TCRouxbeService.m */,
				819887E11834DD5700FE21BB /* TCMP4VideoURL.h */,
				819887E21834DD5700FE21BB /* TCMP4VideoURL.m */,
				8123A18D183C6C7800A6365A /* TCVideo.h */,
				8123A18E183C6C7800A6365A /* TCVideo.m */,
				81EFED69182B8A8100F28B1B /* TCDownload.h */,
				81EFED6A182B8A8200F28B1B /* TCDownload.m */,
				8123A196183DC9E600A6365A /* TCDownloadPrivate.h */,
				8123A190183C9DE500A6365A /* TCDownloadQueue.h */,
				8123A191183C9DE500A6365A /* TCDownloadQueue.m */,
				81EFED301829DFD600F28B1B /* TCLesson.h */,
				81EFED311829DFD600F28B1B /* TCLesson.m */,
				81EFED331829E1D400F28B1B /* TCLessonStep.h */,
				81EFED341829E1D400F28B1B /* TCLessonStep.m */,
			);
			path = Models;
			sourceTree = "<group>";
		};
		816328AA18277F3F0070914E /* Resources */ = {
			isa = PBXGroup;
			children = (
				816328AB18277F3F0070914E /* Images.xcassets */,
			);
			path = Resources;
			sourceTree = "<group>";
		};
		816328AC18277F3F0070914E /* SupportingFiles */ = {
			isa = PBXGroup;
			children = (
				816328AD18277F3F0070914E /* Credits.rtf */,
				816328AF18277F3F0070914E /* InfoPlist.strings */,
				816328B118277F3F0070914E /* main.m */,
				816328B218277F3F0070914E /* RouxbeVideoDownloader-Info.plist */,
				816328B318277F3F0070914E /* RouxbeVideoDownloader-Prefix.pch */,
			);
			path = SupportingFiles;
			sourceTree = "<group>";
		};
		816328B418277F3F0070914E /* Views */ = {
			isa = PBXGroup;
			children = (
				816328B518277F3F0070914E /* MainMenu.xib */,
				81310AE61828950700327AFF /* MainWindow.xib */,
				81F99D57182CBC6E006E561B /* TCDownloadCellView.h */,
				81F99D58182CBC6E006E561B /* TCDownloadCellView.m */,
				8123A197183DE2C300A6365A /* NSTableView+RowAdditions.h */,
				8123A198183DE2C300A6365A /* NSTableView+RowAdditions.m */,
				81880EA4184440F7009387AB /* TCPaddedTextFieldCell.h */,
				81880EA5184440F7009387AB /* TCPaddedTextFieldCell.m */,
			);
			path = Views;
			sourceTree = "<group>";
		};
		819887D61834734800FE21BB /* Lib */ = {
			isa = PBXGroup;
			children = (
				819887D71834734800FE21BB /* TCTestDataLoader.h */,
				819887D81834734800FE21BB /* TCTestDataLoader.m */,
				81AEE00E1838B9A800FD2B4C /* TCMockXMLService.h */,
				81AEE00F1838B9A800FD2B4C /* TCMockXMLService.m */,
				81F7B7531839B4950086F408 /* TCMockAFHTTPSessionManager.h */,
				81F7B7541839B4950086F408 /* TCMockAFHTTPSessionManager.m */,
			);
			path = Lib;
			sourceTree = "<group>";
		};
		81EFED381829E83200F28B1B /* SupportingFiles */ = {
			isa = PBXGroup;
			children = (
				819887DC18347E0D00FE21BB /* RouxbeVideoDownloaderTests-Prefix.pch */,
				81EFED391829E83200F28B1B /* InfoPlist.strings */,
				81EFED3B1829E83200F28B1B /* RouxbeVideoDownloaderTests-Info.plist */,
			);
			path = SupportingFiles;
			sourceTree = "<group>";
		};
		81EFED3E1829F6BC00F28B1B /* Data */ = {
			isa = PBXGroup;
			children = (
				81EFED3F1829F6BC00F28B1B /* Lesson.xml */,
				81F7B74F1838D2CE0086F408 /* LessonStepVideo.xml */,
			);
			path = Data;
			sourceTree = "<group>";
		};
		81EFED5A182B35CB00F28B1B /* Lib */ = {
			isa = PBXGroup;
			children = (
				81F99D5F182DDD92006E561B /* NSURL+RouxbeAdditions.h */,
				81F99D60182DDD92006E561B /* NSURL+RouxbeAdditions.m */,
			);
			path = Lib;
			sourceTree = "<group>";
		};
		81F7B75B183B09FD0086F408 /* Vendor */ = {
			isa = PBXGroup;
			children = (
				81F7B75C183B09FD0086F408 /* AFURLConnectionByteSpeedMeasure */,
			);
			path = Vendor;
			sourceTree = "<group>";
		};
		81F7B75C183B09FD0086F408 /* AFURLConnectionByteSpeedMeasure */ = {
			isa = PBXGroup;
			children = (
				81F7B75D183B09FD0086F408 /* AFURLConnectionByteSpeedMeasure.h */,
				81F7B75E183B09FD0086F408 /* AFURLConnectionByteSpeedMeasure.m */,
				81F7B75F183B09FD0086F408 /* AFURLConnectionOperation+AFURLConnectionByteSpeedMeasure.h */,
				81F7B760183B09FD0086F408 /* AFURLConnectionOperation+AFURLConnectionByteSpeedMeasure.m */,
			);
			path = AFURLConnectionByteSpeedMeasure;
			sourceTree = "<group>";
		};
/* End PBXGroup section */

/* Begin PBXNativeTarget section */
		81632870182770120070914E /* RouxbeVideoDownloader */ = {
			isa = PBXNativeTarget;
			buildConfigurationList = 816328A2182770120070914E /* Build configuration list for PBXNativeTarget "RouxbeVideoDownloader" */;
			buildPhases = (
				01522A4266904960AF37954B /* Check Pods Manifest.lock */,
				8163286D182770120070914E /* Sources */,
				8163286E182770120070914E /* Frameworks */,
				8163286F182770120070914E /* Resources */,
				876C856E35684B699D67E5FC /* Copy Pods Resources */,
			);
			buildRules = (
			);
			dependencies = (
			);
			name = RouxbeVideoDownloader;
			productName = RouxbeVideoDownloader;
			productReference = 81632871182770120070914E /* RouxbeVideoDownloader.app */;
			productType = "com.apple.product-type.application";
		};
		81632891182770120070914E /* RouxbeVideoDownloaderTests */ = {
			isa = PBXNativeTarget;
			buildConfigurationList = 816328A5182770120070914E /* Build configuration list for PBXNativeTarget "RouxbeVideoDownloaderTests" */;
			buildPhases = (
				76E0ADDA46604FAE969A0677 /* Check Pods Manifest.lock */,
				8163288E182770120070914E /* Sources */,
				8163288F182770120070914E /* Frameworks */,
				81632890182770120070914E /* Resources */,
				F567DBCB05434CC391C2DCD1 /* Copy Pods Resources */,
			);
			buildRules = (
			);
			dependencies = (
				81632897182770120070914E /* PBXTargetDependency */,
			);
			name = RouxbeVideoDownloaderTests;
			productName = RouxbeVideoDownloaderTests;
			productReference = 81632892182770120070914E /* RouxbeVideoDownloaderTests.xctest */;
			productType = "com.apple.product-type.bundle.unit-test";
		};
/* End PBXNativeTarget section */

/* Begin PBXProject section */
		81632869182770120070914E /* Project object */ = {
			isa = PBXProject;
			attributes = {
				CLASSPREFIX = TC;
				LastUpgradeCheck = 0500;
				ORGANIZATIONNAME = "Lee Tze Cheun";
				TargetAttributes = {
					81632870182770120070914E = {
						SystemCapabilities = {
							com.apple.Sandbox = {
								enabled = 1;
							};
						};
					};
					81632891182770120070914E = {
						TestTargetID = 81632870182770120070914E;
					};
				};
			};
			buildConfigurationList = 8163286C182770120070914E /* Build configuration list for PBXProject "RouxbeVideoDownloader" */;
			compatibilityVersion = "Xcode 3.2";
			developmentRegion = English;
			hasScannedForEncodings = 0;
			knownRegions = (
				en,
				Base,
			);
			mainGroup = 81632868182770120070914E;
			productRefGroup = 81632872182770120070914E /* Products */;
			projectDirPath = "";
			projectRoot = "";
			targets = (
				81632870182770120070914E /* RouxbeVideoDownloader */,
				81632891182770120070914E /* RouxbeVideoDownloaderTests */,
			);
		};
/* End PBXProject section */

/* Begin PBXResourcesBuildPhase section */
		8163286F182770120070914E /* Resources */ = {
			isa = PBXResourcesBuildPhase;
			buildActionMask = 2147483647;
			files = (
				816328BC18277F3F0070914E /* MainMenu.xib in Resources */,
				81310AE81828950700327AFF /* MainWindow.xib in Resources */,
				816328B718277F3F0070914E /* Images.xcassets in Resources */,
				816328B918277F3F0070914E /* InfoPlist.strings in Resources */,
				816328B818277F3F0070914E /* Credits.rtf in Resources */,
			);
			runOnlyForDeploymentPostprocessing = 0;
		};
		81632890182770120070914E /* Resources */ = {
			isa = PBXResourcesBuildPhase;
			buildActionMask = 2147483647;
			files = (
				81EFED3C1829E83200F28B1B /* InfoPlist.strings in Resources */,
				81F7B7501838D2CE0086F408 /* LessonStepVideo.xml in Resources */,
				81EFED401829F6BC00F28B1B /* Lesson.xml in Resources */,
			);
			runOnlyForDeploymentPostprocessing = 0;
		};
/* End PBXResourcesBuildPhase section */

/* Begin PBXShellScriptBuildPhase section */
		01522A4266904960AF37954B /* Check Pods Manifest.lock */ = {
			isa = PBXShellScriptBuildPhase;
			buildActionMask = 2147483647;
			files = (
			);
			inputPaths = (
			);
			name = "Check Pods Manifest.lock";
			outputPaths = (
			);
			runOnlyForDeploymentPostprocessing = 0;
			shellPath = /bin/sh;
			shellScript = "diff \"${PODS_ROOT}/../Podfile.lock\" \"${PODS_ROOT}/Manifest.lock\" > /dev/null\nif [[ $? != 0 ]] ; then\n    cat << EOM\nerror: The sandbox is not in sync with the Podfile.lock. Run 'pod install' or update your CocoaPods installation.\nEOM\n    exit 1\nfi\n";
			showEnvVarsInLog = 0;
		};
		76E0ADDA46604FAE969A0677 /* Check Pods Manifest.lock */ = {
			isa = PBXShellScriptBuildPhase;
			buildActionMask = 2147483647;
			files = (
			);
			inputPaths = (
			);
			name = "Check Pods Manifest.lock";
			outputPaths = (
			);
			runOnlyForDeploymentPostprocessing = 0;
			shellPath = /bin/sh;
			shellScript = "diff \"${PODS_ROOT}/../Podfile.lock\" \"${PODS_ROOT}/Manifest.lock\" > /dev/null\nif [[ $? != 0 ]] ; then\n    cat << EOM\nerror: The sandbox is not in sync with the Podfile.lock. Run 'pod install' or update your CocoaPods installation.\nEOM\n    exit 1\nfi\n";
			showEnvVarsInLog = 0;
		};
		876C856E35684B699D67E5FC /* Copy Pods Resources */ = {
			isa = PBXShellScriptBuildPhase;
			buildActionMask = 2147483647;
			files = (
			);
			inputPaths = (
			);
			name = "Copy Pods Resources";
			outputPaths = (
			);
			runOnlyForDeploymentPostprocessing = 0;
			shellPath = /bin/sh;
			shellScript = "\"${SRCROOT}/Pods/Pods-resources.sh\"\n";
			showEnvVarsInLog = 0;
		};
		F567DBCB05434CC391C2DCD1 /* Copy Pods Resources */ = {
			isa = PBXShellScriptBuildPhase;
			buildActionMask = 2147483647;
			files = (
			);
			inputPaths = (
			);
			name = "Copy Pods Resources";
			outputPaths = (
			);
			runOnlyForDeploymentPostprocessing = 0;
			shellPath = /bin/sh;
			shellScript = "\"${SRCROOT}/Pods/Pods-test-resources.sh\"\n";
			showEnvVarsInLog = 0;
		};
/* End PBXShellScriptBuildPhase section */

/* Begin PBXSourcesBuildPhase section */
		8163286D182770120070914E /* Sources */ = {
			isa = PBXSourcesBuildPhase;
			buildActionMask = 2147483647;
			files = (
				81F7B75A1839EF7B0086F408 /* TCRouxbeService.m in Sources */,
				819887E31834DD5700FE21BB /* TCMP4VideoURL.m in Sources */,
				8123A18F183C6C7800A6365A /* TCVideo.m in Sources */,
				81F7B761183B09FD0086F408 /* AFURLConnectionByteSpeedMeasure.m in Sources */,
				81880EA6184440F7009387AB /* TCPaddedTextFieldCell.m in Sources */,
				81EFED351829E1D400F28B1B /* TCLessonStep.m in Sources */,
				81310AE41828948E00327AFF /* TCMainWindowController.m in Sources */,
				81F7B762183B09FD0086F408 /* AFURLConnectionOperation+AFURLConnectionByteSpeedMeasure.m in Sources */,
				816328BA18277F3F0070914E /* main.m in Sources */,
				81F99D61182DDD92006E561B /* NSURL+RouxbeAdditions.m in Sources */,
				8123A192183C9DE500A6365A /* TCDownloadQueue.m in Sources */,
				8123A199183DE2C300A6365A /* NSTableView+RowAdditions.m in Sources */,
				81EFED6B182B8A8200F28B1B /* TCDownload.m in Sources */,
				81632888182770120070914E /* TCAppDelegate.m in Sources */,
				81F99D59182CBC6E006E561B /* TCDownloadCellView.m in Sources */,
				81EFED321829DFD600F28B1B /* TCLesson.m in Sources */,
			);
			runOnlyForDeploymentPostprocessing = 0;
		};
		8163288E182770120070914E /* Sources */ = {
			isa = PBXSourcesBuildPhase;
			buildActionMask = 2147483647;
			files = (
				81F7B7571839E6D80086F408 /* TCDownloadManagerTests.m in Sources */,
				81EFED50182A3FA800F28B1B /* TCMP4VideoURLTests.m in Sources */,
				8154CE20182F657E00DC73EC /* TCRouxbeURLContentIDTests.m in Sources */,
				81F99D63182E0AB5006E561B /* TCRouxbeURLValidationTests.m in Sources */,
				8154CE1E182F327100DC73EC /* TCRouxbeURLCategoryTests.m in Sources */,
				81EFED42182A002B00F28B1B /* TCLessonStepTests.m in Sources */,
				81AEE0101838B9A800FD2B4C /* TCMockXMLService.m in Sources */,
				81F7B7521838ECFA0086F408 /* TCXMLServiceTests.m in Sources */,
				819887D91834734800FE21BB /* TCTestDataLoader.m in Sources */,
				81EFED371829E77600F28B1B /* TCLessonTests.m in Sources */,
				8154CE22182F78FC00DC73EC /* TCRouxbeXMLURLTests.m in Sources */,
				81F7B7551839B4950086F408 /* TCMockAFHTTPSessionManager.m in Sources */,
			);
			runOnlyForDeploymentPostprocessing = 0;
		};
/* End PBXSourcesBuildPhase section */

/* Begin PBXTargetDependency section */
		81632897182770120070914E /* PBXTargetDependency */ = {
			isa = PBXTargetDependency;
			target = 81632870182770120070914E /* RouxbeVideoDownloader */;
			targetProxy = 81632896182770120070914E /* PBXContainerItemProxy */;
		};
/* End PBXTargetDependency section */

/* Begin PBXVariantGroup section */
		81310AE61828950700327AFF /* MainWindow.xib */ = {
			isa = PBXVariantGroup;
			children = (
				81310AE71828950700327AFF /* Base */,
			);
			name = MainWindow.xib;
			sourceTree = "<group>";
		};
		816328AD18277F3F0070914E /* Credits.rtf */ = {
			isa = PBXVariantGroup;
			children = (
				816328AE18277F3F0070914E /* en */,
			);
			name = Credits.rtf;
			sourceTree = "<group>";
		};
		816328AF18277F3F0070914E /* InfoPlist.strings */ = {
			isa = PBXVariantGroup;
			children = (
				816328B018277F3F0070914E /* en */,
			);
			name = InfoPlist.strings;
			sourceTree = "<group>";
		};
		816328B518277F3F0070914E /* MainMenu.xib */ = {
			isa = PBXVariantGroup;
			children = (
				816328B618277F3F0070914E /* Base */,
			);
			name = MainMenu.xib;
			sourceTree = "<group>";
		};
		81EFED391829E83200F28B1B /* InfoPlist.strings */ = {
			isa = PBXVariantGroup;
			children = (
				81EFED3A1829E83200F28B1B /* en */,
			);
			name = InfoPlist.strings;
			sourceTree = "<group>";
		};
/* End PBXVariantGroup section */

/* Begin XCBuildConfiguration section */
		816328A0182770120070914E /* Debug */ = {
			isa = XCBuildConfiguration;
			buildSettings = {
				ALWAYS_SEARCH_USER_PATHS = NO;
				CLANG_CXX_LANGUAGE_STANDARD = "gnu++0x";
				CLANG_CXX_LIBRARY = "libc++";
				CLANG_ENABLE_MODULES = YES;
				CLANG_ENABLE_OBJC_ARC = YES;
				CLANG_WARN_BOOL_CONVERSION = YES;
				CLANG_WARN_CONSTANT_CONVERSION = YES;
				CLANG_WARN_DIRECT_OBJC_ISA_USAGE = YES_ERROR;
				CLANG_WARN_EMPTY_BODY = YES;
				CLANG_WARN_ENUM_CONVERSION = YES;
				CLANG_WARN_INT_CONVERSION = YES;
				CLANG_WARN_OBJC_ROOT_CLASS = YES_ERROR;
				CLANG_WARN__DUPLICATE_METHOD_MATCH = YES;
				COPY_PHASE_STRIP = NO;
				GCC_C_LANGUAGE_STANDARD = gnu99;
				GCC_DYNAMIC_NO_PIC = NO;
				GCC_ENABLE_OBJC_EXCEPTIONS = YES;
				GCC_OPTIMIZATION_LEVEL = 0;
				GCC_PREPROCESSOR_DEFINITIONS = (
					"DEBUG=1",
					"$(inherited)",
				);
				GCC_SYMBOLS_PRIVATE_EXTERN = NO;
				GCC_TREAT_WARNINGS_AS_ERRORS = YES;
				GCC_WARN_64_TO_32_BIT_CONVERSION = YES;
				GCC_WARN_ABOUT_RETURN_TYPE = YES_ERROR;
				GCC_WARN_UNDECLARED_SELECTOR = YES;
				GCC_WARN_UNINITIALIZED_AUTOS = YES;
				GCC_WARN_UNUSED_FUNCTION = YES;
				GCC_WARN_UNUSED_VARIABLE = YES;
				MACOSX_DEPLOYMENT_TARGET = 10.9;
				ONLY_ACTIVE_ARCH = YES;
				SDKROOT = macosx;
			};
			name = Debug;
		};
		816328A1182770120070914E /* Release */ = {
			isa = XCBuildConfiguration;
			buildSettings = {
				ALWAYS_SEARCH_USER_PATHS = NO;
				CLANG_CXX_LANGUAGE_STANDARD = "gnu++0x";
				CLANG_CXX_LIBRARY = "libc++";
				CLANG_ENABLE_MODULES = YES;
				CLANG_ENABLE_OBJC_ARC = YES;
				CLANG_WARN_BOOL_CONVERSION = YES;
				CLANG_WARN_CONSTANT_CONVERSION = YES;
				CLANG_WARN_DIRECT_OBJC_ISA_USAGE = YES_ERROR;
				CLANG_WARN_EMPTY_BODY = YES;
				CLANG_WARN_ENUM_CONVERSION = YES;
				CLANG_WARN_INT_CONVERSION = YES;
				CLANG_WARN_OBJC_ROOT_CLASS = YES_ERROR;
				CLANG_WARN__DUPLICATE_METHOD_MATCH = YES;
				COPY_PHASE_STRIP = YES;
				DEBUG_INFORMATION_FORMAT = "dwarf-with-dsym";
				ENABLE_NS_ASSERTIONS = NO;
				GCC_C_LANGUAGE_STANDARD = gnu99;
				GCC_ENABLE_OBJC_EXCEPTIONS = YES;
				GCC_TREAT_WARNINGS_AS_ERRORS = YES;
				GCC_WARN_64_TO_32_BIT_CONVERSION = YES;
				GCC_WARN_ABOUT_RETURN_TYPE = YES_ERROR;
				GCC_WARN_UNDECLARED_SELECTOR = YES;
				GCC_WARN_UNINITIALIZED_AUTOS = YES;
				GCC_WARN_UNUSED_FUNCTION = YES;
				GCC_WARN_UNUSED_VARIABLE = YES;
				MACOSX_DEPLOYMENT_TARGET = 10.9;
				SDKROOT = macosx;
			};
			name = Release;
		};
		816328A3182770120070914E /* Debug */ = {
			isa = XCBuildConfiguration;
			baseConfigurationReference = EA621434EFAA40278656A5D5 /* Pods.xcconfig */;
			buildSettings = {
				ASSETCATALOG_COMPILER_APPICON_NAME = AppIcon;
				CODE_SIGN_ENTITLEMENTS = RouxbeVideoDownloader/RouxbeVideoDownloader.entitlements;
				CODE_SIGN_IDENTITY = "-";
				COMBINE_HIDPI_IMAGES = YES;
				GCC_PRECOMPILE_PREFIX_HEADER = YES;
				GCC_PREFIX_HEADER = "RouxbeVideoDownloader/SupportingFiles/RouxbeVideoDownloader-Prefix.pch";
				INFOPLIST_FILE = "RouxbeVideoDownloader/SupportingFiles/RouxbeVideoDownloader-Info.plist";
				PRODUCT_NAME = "$(TARGET_NAME)";
				WRAPPER_EXTENSION = app;
			};
			name = Debug;
		};
		816328A4182770120070914E /* Release */ = {
			isa = XCBuildConfiguration;
			baseConfigurationReference = EA621434EFAA40278656A5D5 /* Pods.xcconfig */;
			buildSettings = {
				ASSETCATALOG_COMPILER_APPICON_NAME = AppIcon;
				CODE_SIGN_ENTITLEMENTS = RouxbeVideoDownloader/RouxbeVideoDownloader.entitlements;
				CODE_SIGN_IDENTITY = "-";
				COMBINE_HIDPI_IMAGES = YES;
				GCC_PRECOMPILE_PREFIX_HEADER = YES;
				GCC_PREFIX_HEADER = "RouxbeVideoDownloader/SupportingFiles/RouxbeVideoDownloader-Prefix.pch";
				INFOPLIST_FILE = "RouxbeVideoDownloader/SupportingFiles/RouxbeVideoDownloader-Info.plist";
				PRODUCT_NAME = "$(TARGET_NAME)";
				WRAPPER_EXTENSION = app;
			};
			name = Release;
		};
		816328A6182770120070914E /* Debug */ = {
			isa = XCBuildConfiguration;
			baseConfigurationReference = EA621434EFAA40278656A5D5 /* Pods.xcconfig */;
			buildSettings = {
				BUNDLE_LOADER = "$(BUILT_PRODUCTS_DIR)/RouxbeVideoDownloader.app/Contents/MacOS/RouxbeVideoDownloader";
				COMBINE_HIDPI_IMAGES = YES;
				FRAMEWORK_SEARCH_PATHS = (
					"$(DEVELOPER_FRAMEWORKS_DIR)",
					"$(inherited)",
				);
				GCC_PRECOMPILE_PREFIX_HEADER = YES;
				GCC_PREFIX_HEADER = "RouxbeVideoDownloaderTests/SupportingFiles/RouxbeVideoDownloaderTests-Prefix.pch";
				GCC_PREPROCESSOR_DEFINITIONS = (
					"DEBUG=1",
					"$(inherited)",
				);
				INFOPLIST_FILE = "RouxbeVideoDownloaderTests/SupportingFiles/RouxbeVideoDownloaderTests-Info.plist";
				PRODUCT_NAME = "$(TARGET_NAME)";
				TEST_HOST = "$(BUNDLE_LOADER)";
				WRAPPER_EXTENSION = xctest;
			};
			name = Debug;
		};
		816328A7182770120070914E /* Release */ = {
			isa = XCBuildConfiguration;
			baseConfigurationReference = E7CCC0441B2F48439F00001A /* Pods-test.xcconfig */;
			buildSettings = {
				BUNDLE_LOADER = "$(BUILT_PRODUCTS_DIR)/RouxbeVideoDownloader.app/Contents/MacOS/RouxbeVideoDownloader";
				COMBINE_HIDPI_IMAGES = YES;
				FRAMEWORK_SEARCH_PATHS = (
					"$(DEVELOPER_FRAMEWORKS_DIR)",
					"$(inherited)",
				);
				GCC_PRECOMPILE_PREFIX_HEADER = YES;
				GCC_PREFIX_HEADER = "RouxbeVideoDownloaderTests/SupportingFiles/RouxbeVideoDownloaderTests-Prefix.pch";
				INFOPLIST_FILE = "RouxbeVideoDownloaderTests/SupportingFiles/RouxbeVideoDownloaderTests-Info.plist";
				PRODUCT_NAME = "$(TARGET_NAME)";
				TEST_HOST = "$(BUNDLE_LOADER)";
				WRAPPER_EXTENSION = xctest;
			};
			name = Release;
		};
/* End XCBuildConfiguration section */

/* Begin XCConfigurationList section */
		8163286C182770120070914E /* Build configuration list for PBXProject "RouxbeVideoDownloader" */ = {
			isa = XCConfigurationList;
			buildConfigurations = (
				816328A0182770120070914E /* Debug */,
				816328A1182770120070914E /* Release */,
			);
			defaultConfigurationIsVisible = 0;
			defaultConfigurationName = Release;
		};
		816328A2182770120070914E /* Build configuration list for PBXNativeTarget "RouxbeVideoDownloader" */ = {
			isa = XCConfigurationList;
			buildConfigurations = (
				816328A3182770120070914E /* Debug */,
				816328A4182770120070914E /* Release */,
			);
			defaultConfigurationIsVisible = 0;
			defaultConfigurationName = Release;
		};
		816328A5182770120070914E /* Build configuration list for PBXNativeTarget "RouxbeVideoDownloaderTests" */ = {
			isa = XCConfigurationList;
			buildConfigurations = (
				816328A6182770120070914E /* Debug */,
				816328A7182770120070914E /* Release */,
			);
			defaultConfigurationIsVisible = 0;
			defaultConfigurationName = Release;
		};
/* End XCConfigurationList section */
	};
	rootObject = 81632869182770120070914E /* Project object */;
}
